{
  "name": "ola data ai agent",
  "lockfileVersion": 3,
  "requires": true,
  "packages": {
    "": {
      "dependencies": {
        "@supabase/server": "^1.9.1"
      }
    },
    "node_modules/@supabase/auth-js": {
      "version": "2.117.3",
      "resolved": "https://registry.npmjs.org/@supabase/auth-js/-/auth-js-2.117.3.tgz",
      "integrity": "sha512-XOZV+jllcU2Hzij8SwgM78zl0lOEr6BTjzi2MYkBb39nOAQzb5AelGpMUvVj7lwGSB11JmpAs/FEQroAyFzWEA==",
      "license": "MIT",
      "peer": true,
      "dependencies": {
        "tslib": "2.8.1"
      },
      "engines": {
        "node": ">=22.0.0"
      }
    },
    "node_modules/@supabase/functions-js": {
      "version": "2.117.3",
      "resolved": "https://registry.npmjs.org/@supabase/functions-js/-/functions-js-2.117.3.tgz",
      "integrity": "sha512-6GuizbP4N5xWaxEVUsI+UQpJdmMmn0t3sYNpObo9gCAldvM22gFjnYzRVmkHxp5ylU21azEYmiWVwk9iDgCMkQ==",
      "license": "MIT",
      "peer": true,
      "dependencies": {
        "tslib": "2.8.1"
      },
      "engines": {
        "node": ">=22.0.0"
      }
    },
    "node_modules/@supabase/middleware": {
      "version": "1.0.0",
      "resolved": "https://registry.npmjs.org/@supabase/middleware/-/middleware-1.0.0.tgz",
      "integrity": "sha512-ecA+z/o5E9sB+quuupGt8d7QjrnD4BBwZr+Qthm0uj6CtL/+yvAUTDlknhGuTbUidvx5CxBHJ1R3H96UjDpgyg==",
      "license": "MIT",
      "dependencies": {
        "std-env": "^4.2.0"
      },
      "engines": {
        "node": ">=22"
      },
      "peerDependencies": {
        "typescript": ">=5.4"
      },
      "peerDependenciesMeta": {
        "typescript": {
          "optional": true
        }
      }
    },
    "node_modules/@supabase/phoenix": {
      "version": "0.4.5",
      "resolved": "https://registry.npmjs.org/@supabase/phoenix/-/phoenix-0.4.5.tgz",
      "integrity": "sha512-aAn9H9ovVyeApKy11OWOrrOGq8DV68yWeH4ud2lN9fzn4aO8Zb5GLL9m1pUg9nLqIcT+ZDfAcsZe0E/nqdv2lw==",
      "license": "MIT",
      "peer": true
    },
    "node_modules/@supabase/postgrest-js": {
      "version": "2.117.3",
      "resolved": "https://registry.npmjs.org/@supabase/postgrest-js/-/postgrest-js-2.117.3.tgz",
      "integrity": "sha512-NpyTgullu6tw11ojYKTdZg9HannZ4mu4FUlhc9V5zDXOVllUJzEmuyLM+WWoYF0BurfrRvarimpm3SR8P0Gzfw==",
      "license": "MIT",
      "peer": true,
      "dependencies": {
        "tslib": "2.8.1"
      },
      "engines": {
        "node": ">=22.0.0"
      }
    },
    "node_modules/@supabase/realtime-js": {
      "version": "2.117.3",
      "resolved": "https://registry.npmjs.org/@supabase/realtime-js/-/realtime-js-2.117.3.tgz",
      "integrity": "sha512-4W4ISbreRygNXbhwqxeqyuRul8RPx+SF+Hp2IT8wctebQEHSVCULfKatiRiEhmasfoXvYm2AHV4XFsOxhoousA==",
      "license": "MIT",
      "peer": true,
      "dependencies": {
        "@supabase/phoenix": "0.4.5",
        "tslib": "2.8.1"
      },
      "engines": {
        "node": ">=22.0.0"
      }
    },
    "node_modules/@supabase/server": {
      "version": "1.9.1",
      "resolved": "https://registry.npmjs.org/@supabase/server/-/server-1.9.1.tgz",
      "integrity": "sha512-AW/8aZrX5nHP3OwYMamA1hxERuL+RO7yw0h3oUfdXYKIxkdoRVm0ELzzv8wLGCk97aeVjBQ4ixZ2h66jPCfJjA==",
      "license": "MIT",
      "dependencies": {
        "@supabase/middleware": "^1.0.0",
        "jose": "^6.2.0"
      },
      "engines": {
        "node": ">=22"
      },
      "peerDependencies": {
        "@nestjs/common": "^10.0.0 || ^11.0.0",
        "@supabase/supabase-js": "^2.0.0",
        "elysia": "^1.4.0",
        "h3": "^2.0.0",
        "hono": "^4.0.0",
        "pg": "^8.0.0"
      },
      "peerDependenciesMeta": {
        "@nestjs/common": {
          "optional": true
        },
        "elysia": {
          "optional": true
        },
        "h3": {
          "optional": true
        },
        "hono": {
          "optional": true
        },
        "pg": {
          "optional": true
        }
      }
    },
    "node_modules/@supabase/storage-js": {
      "version": "2.117.3",
      "resolved": "https://registry.npmjs.org/@supabase/storage-js/-/storage-js-2.117.3.tgz",
      "integrity": "sha512-QhUxFC33Crlw6WDeA4hLADdi1PzjI3c4UJs7ivWHHEnU7ulmCWEZSDaRCuIfmsjUwbHYaIfRNFQNsm+IsGYS6w==",
      "license": "MIT",
      "peer": true,
      "dependencies": {
        "iceberg-js": "^0.8.1",
        "tslib": "2.8.1"
      },
      "engines": {
        "node": ">=22.0.0"
      }
    },
    "node_modules/@supabase/supabase-js": {
      "version": "2.117.3",
      "resolved": "https://registry.npmjs.org/@supabase/supabase-js/-/supabase-js-2.117.3.tgz",
      "integrity": "sha512-K+f8PimXDunPWQ63CKRXaF5pbVPJxmfw5ryAnh0s9S9PkwcuqBjiSpIaqpF7KLDljeYwXIL85ST8QxaO0+XuvA==",
      "license": "MIT",
      "peer": true,
      "dependencies": {
        "@supabase/auth-js": "2.117.3",
        "@supabase/functions-js": "2.117.3",
        "@supabase/postgrest-js": "2.117.3",
        "@supabase/realtime-js": "2.117.3",
        "@supabase/storage-js": "2.117.3"
      },
      "engines": {
        "node": ">=22.0.0"
      },
      "peerDependencies": {
        "@opentelemetry/api": ">=1.0.0"
      },
      "peerDependenciesMeta": {
        "@opentelemetry/api": {
          "optional": true
        }
      }
    },
    "node_modules/iceberg-js": {
      "version": "0.8.1",
      "resolved": "https://registry.npmjs.org/iceberg-js/-/iceberg-js-0.8.1.tgz",
      "integrity": "sha512-1dhVQZXhcHje7798IVM+xoo/1ZdVfzOMIc8/rgVSijRK38EDqOJoGula9N/8ZI5RD8QTxNQtK/Gozpr+qUqRRA==",
      "license": "MIT",
      "peer": true,
      "engines": {
        "node": ">=20.0.0"
      }
    },
    "node_modules/jose": {
      "version": "6.2.12",
      "resolved": "https://registry.npmjs.org/jose/-/jose-6.2.12.tgz",
      "integrity": "sha512-9NiFmJEex0sy2Dk58j2UGBSHgUs2ypF9eZSu4L6vjOX3Dp96Sw1F3uL+H+D1sx02jZZdzUT0HgvCy59CuvXcWw==",
      "license": "MIT",
      "funding": {
        "url": "https://github.com/sponsors/panva"
      }
    },
    "node_modules/std-env": {
      "version": "4.3.0",
      "resolved": "https://registry.npmjs.org/std-env/-/std-env-4.3.0.tgz",
      "integrity": "sha512-OtU/EgQ1kIm5KwqQpBC6ZEMXrZRui11w8zgfTWp8cdO9B8OaPsbA8bTHO2P+HNo1VlUTGMVBwPhydu6poeXiag==",
      "license": "MIT"
    },
    "node_modules/tslib": {
      "version": "2.8.1",
      "resolved": "https://registry.npmjs.org/tslib/-/tslib-2.8.1.tgz",
      "integrity": "sha512-oJFu94HQb+KVduSUQL7wnpmqnfmLsOA/nAh6b6EH0wCEoK0/mPeXU6c3wKDV83MkOuHPRHtSXKKU99IBazS/2w==",
      "license": "0BSD",
      "peer": true
    }
  }
}
